
Microsoft Visual Studio Solution File, Format Version 11.00
# Visual Studio 2010
Project("{FAE04EC0-301F-11D3-BF4B-00C04F79EFBC}") = "Assembly-CSharp", "Assembly-CSharp.csproj", "{729C2B50-D567-BE79-5093-E835560329FB}"
EndProject
Project("{FAE04EC0-301F-11D3-BF4B-00C04F79EFBC}") = "Assembly-CSharp-Editor", "Assembly-CSharp-Editor.csproj", "{3F44A09F-7086-DCA7-2159-2F772B1139CB}"
EndProject
Global
	GlobalSection(SolutionConfigurationPlatforms) = preSolution
		Debug|Any CPU = Debug|Any CPU
		Release|Any CPU = Release|Any CPU
	EndGlobalSection
	GlobalSection(ProjectConfigurationPlatforms) = postSolution
		{729C2B50-D567-BE79-5093-E835560329FB}.Debug|Any CPU.ActiveCfg = Debug|Any CPU
		{729C2B50-D567-BE79-5093-E835560329FB}.Debug|Any CPU.Build.0 = Debug|Any CPU
		{729C2B50-D567-BE79-5093-E835560329FB}.Release|Any CPU.ActiveCfg = Release|Any CPU
		{729C2B50-D567-BE79-5093-E835560329FB}.Release|Any CPU.Build.0 = Release|Any CPU
		{3F44A09F-7086-DCA7-2159-2F772B1139CB}.Debug|Any CPU.ActiveCfg = Debug|Any CPU
		{3F44A09F-7086-DCA7-2159-2F772B1139CB}.Debug|Any CPU.Build.0 = Debug|Any CPU
		{3F44A09F-7086-DCA7-2159-2F772B1139CB}.Release|Any CPU.ActiveCfg = Release|Any CPU
		{3F44A09F-7086-DCA7-2159-2F772B1139CB}.Release|Any CPU.Build.0 = Release|Any CPU
	EndGlobalSection
	GlobalSection(SolutionProperties) = preSolution
		HideSolutionNode = FALSE
	EndGlobalSection
	GlobalSection(MonoDevelopProperties) = preSolution
		StartupItem = Assembly-CSharp.csproj
	EndGlobalSection
EndGlobal
